
Microsoft Visual Studio Solution File, Format Version 12.00
# Visual Studio Version 17
VisualStudioVersion = 17.7.34024.191
MinimumVisualStudioVersion = 10.0.40219.1
Project("{FAE04EC0-301F-11D3-BF4B-00C04F79EFBC}") = "TrabajitoGuarderia4", "TrabajitoGuarderia4.csproj", "{3071F576-BDE6-48D3-A273-CFD00CD52C0B}"
EndProject
Global
	GlobalSection(SolutionConfigurationPlatforms) = preSolution
		Debug|Any CPU = Debug|Any CPU
		Release|Any CPU = Release|Any CPU
	EndGlobalSection
	GlobalSection(ProjectConfigurationPlatforms) = postSolution
		{3071F576-BDE6-48D3-A273-CFD00CD52C0B}.Debug|Any CPU.ActiveCfg = Debug|Any CPU
		{3071F576-BDE6-48D3-A273-CFD00CD52C0B}.Debug|Any CPU.Build.0 = Debug|Any CPU
		{3071F576-BDE6-48D3-A273-CFD00CD52C0B}.Release|Any CPU.ActiveCfg = Release|Any CPU
		{3071F576-BDE6-48D3-A273-CFD00CD52C0B}.Release|Any CPU.Build.0 = Release|Any CPU
	EndGlobalSection
	GlobalSection(SolutionProperties) = preSolution
		HideSolutionNode = FALSE
	EndGlobalSection
	GlobalSection(ExtensibilityGlobals) = postSolution
		SolutionGuid = {8715D17D-D7BC-4075-A0D3-A1F42D2B7656}
	EndGlobalSection
EndGlobal
